
Microsoft Visual Studio Solution File, Format Version 12.00
# Visual Studio 15
VisualStudioVersion = 15.0.26124.0
MinimumVisualStudioVersion = 15.0.26124.0
Project("{2150E333-8FDC-42A3-9474-1A3956D46DE8}") = "src", "src", "{59C3A237-7331-45C7-B60F-5D30544A98E3}"
EndProject
Project("{FAE04EC0-301F-11D3-BF4B-00C04F79EFBC}") = "dotnet-certs", "src\dotnet-certs\dotnet-certs.csproj", "{A0D5DC21-5E8D-4300-85C3-D77F65AC00DA}"
EndProject
Global
	GlobalSection(SolutionConfigurationPlatforms) = preSolution
		Debug|Any CPU = Debug|Any CPU
		Debug|x64 = Debug|x64
		Debug|x86 = Debug|x86
		Release|Any CPU = Release|Any CPU
		Release|x64 = Release|x64
		Release|x86 = Release|x86
	EndGlobalSection
	GlobalSection(SolutionProperties) = preSolution
		HideSolutionNode = FALSE
	EndGlobalSection
	GlobalSection(ProjectConfigurationPlatforms) = postSolution
		{A0D5DC21-5E8D-4300-85C3-D77F65AC00DA}.Debug|Any CPU.ActiveCfg = Debug|Any CPU
		{A0D5DC21-5E8D-4300-85C3-D77F65AC00DA}.Debug|Any CPU.Build.0 = Debug|Any CPU
		{A0D5DC21-5E8D-4300-85C3-D77F65AC00DA}.Debug|x64.ActiveCfg = Debug|Any CPU
		{A0D5DC21-5E8D-4300-85C3-D77F65AC00DA}.Debug|x64.Build.0 = Debug|Any CPU
		{A0D5DC21-5E8D-4300-85C3-D77F65AC00DA}.Debug|x86.ActiveCfg = Debug|Any CPU
		{A0D5DC21-5E8D-4300-85C3-D77F65AC00DA}.Debug|x86.Build.0 = Debug|Any CPU
		{A0D5DC21-5E8D-4300-85C3-D77F65AC00DA}.Release|Any CPU.ActiveCfg = Release|Any CPU
		{A0D5DC21-5E8D-4300-85C3-D77F65AC00DA}.Release|Any CPU.Build.0 = Release|Any CPU
		{A0D5DC21-5E8D-4300-85C3-D77F65AC00DA}.Release|x64.ActiveCfg = Release|Any CPU
		{A0D5DC21-5E8D-4300-85C3-D77F65AC00DA}.Release|x64.Build.0 = Release|Any CPU
		{A0D5DC21-5E8D-4300-85C3-D77F65AC00DA}.Release|x86.ActiveCfg = Release|Any CPU
		{A0D5DC21-5E8D-4300-85C3-D77F65AC00DA}.Release|x86.Build.0 = Release|Any CPU
	EndGlobalSection
	GlobalSection(NestedProjects) = preSolution
		{A0D5DC21-5E8D-4300-85C3-D77F65AC00DA} = {59C3A237-7331-45C7-B60F-5D30544A98E3}
	EndGlobalSection
EndGlobal
